{
	"name": "slimecore-documentation",
	"version": "0.1.0",
	"lockfileVersion": 1,
	"requires": true,
	"dependencies": {
		"docdash": {
			"version": "1.1.1",
			"resolved": "https://registry.npmjs.org/docdash/-/docdash-1.1.1.tgz",
			"integrity": "sha512-WQkkr01zL6kcIfq9YCSXtqqevM6NYoTXLdl+Td0OYCEcX0RgsuEMeqHXQaXFt+p6Lo15RIgA5XhLAn7RL+erhA=="
		}
	}
}
